schema: '2.0'
stages:
  data_ingestion:
    cmd: python src/chest_cancer_classifier/pipeline/stage_1_data_ingestion.py
    deps:
    - path: config/config.yaml
      hash: md5
      md5: 260e6cd7e270c8e67181a97209d32395
      size: 1280
    - path: src/chest_cancer_classifier/pipeline/stage_1_data_ingestion.py
      hash: md5
      md5: c86ebcac1360545068f5aadbaf4f776e
      size: 1882
    outs:
    - path: artifacts/data_ingestion/Chest-CT-Scan-data
      hash: md5
      md5: 904fa45d934ce879b3b1933dca6cb2f1.dir
      size: 49247431
      nfiles: 343
  prepare_base_model:
    cmd: python src/chest_cancer_classifier/pipeline/stage_2_prepare_base_model.py
    deps:
    - path: config/config.yaml
      hash: md5
      md5: 260e6cd7e270c8e67181a97209d32395
      size: 1280
    - path: src/chest_cancer_classifier/pipeline/stage_2_prepare_base_model.py
      hash: md5
      md5: 48cb79ddc79aa7ce7574ea6d66832c48
      size: 1935
    params:
      params.yaml:
        CLASSES: 2
        IMAGE_SIZE:
        - 224
        - 224
        - 3
        INCLUDE_TOP: false
        LEARNING_RATE: 0.01
        WEIGHTS: imagenet
    outs:
    - path: artifacts/prepare_base_model
      hash: md5
      md5: 5f2673ba957c09b60880b6e4e9b9f031.dir
      size: 118073464
      nfiles: 2
  training:
    cmd: python src/chest_cancer_classifier/pipeline/stage_3_model_training.py
    deps:
    - path: artifacts/data_ingestion/Chest-CT-Scan-data
      hash: md5
      md5: 904fa45d934ce879b3b1933dca6cb2f1.dir
      size: 49247431
      nfiles: 343
    - path: artifacts/prepare_base_model
      hash: md5
      md5: 5f2673ba957c09b60880b6e4e9b9f031.dir
      size: 118073464
      nfiles: 2
    - path: config/config.yaml
      hash: md5
      md5: 260e6cd7e270c8e67181a97209d32395
      size: 1280
    - path: src/chest_cancer_classifier/pipeline/stage_3_model_training.py
      hash: md5
      md5: 7affe72d4439d7780014e9844c727727
      size: 1863
    params:
      params.yaml:
        AUGMENTATION: true
        BATCH_SIZE: 16
        EPOCHS: 5
        IMAGE_SIZE:
        - 224
        - 224
        - 3
    outs:
    - path: artifacts/training/model.h5
      hash: md5
      md5: 2f95c5802cf0a0f0bb0e49e98afd1340
      size: 59551208
  evaluation:
    cmd: python src/chest_cancer_classifier/pipeline/stage_4_model_evaluation.py
    deps:
    - path: artifacts/data_ingestion/Chest-CT-Scan-data
      hash: md5
      md5: 904fa45d934ce879b3b1933dca6cb2f1.dir
      size: 49247431
      nfiles: 343
    - path: artifacts/training/model.h5
      hash: md5
      md5: 2f95c5802cf0a0f0bb0e49e98afd1340
      size: 59551208
    - path: config/config.yaml
      hash: md5
      md5: 260e6cd7e270c8e67181a97209d32395
      size: 1280
    - path: src/chest_cancer_classifier/pipeline/stage_4_model_evaluation.py
      hash: md5
      md5: 3d60303f5fed6f98b3b16b3fcd8b33fd
      size: 1839
    params:
      params.yaml:
        BATCH_SIZE: 16
        IMAGE_SIZE:
        - 224
        - 224
        - 3
    outs:
    - path: scores.json
      hash: md5
      md5: 585bcc7607c81863066757a101118260
      size: 69
